{
  "name": "Ring-Signatures",
  "lockfileVersion": 3,
  "requires": true,
  "packages": {
    "": {
      "dependencies": {
        "@guildofweavers/galois": "^0.4.22",
        "@noble/curves": "^1.2.0",
        "@noble/hashes": "^1.3.2"
      }
    },
    "node_modules/@assemblyscript/loader": {
      "version": "0.8.1",
      "resolved": "https://registry.npmjs.org/@assemblyscript/loader/-/loader-0.8.1.tgz",
      "integrity": "sha512-8U8JpGiTCe6jzsBZKwcJ9o7S0tDTcOJmISfM95P1vqD5caZi2NWs3KJJUPAmqFTdop8/tpa3zSEkixoepNq1cA=="
    },
    "node_modules/@guildofweavers/galois": {
      "version": "0.4.22",
      "resolved": "https://registry.npmjs.org/@guildofweavers/galois/-/galois-0.4.22.tgz",
      "integrity": "sha512-ubbWsOKtEtPETKvOMAMvZhakkhQqjSr7IKyG/aMOPV945Gdic66sfRNM6lZyfLIgpT5zbPv//ls4zoc7m4Rsvw==",
      "dependencies": {
        "@assemblyscript/loader": "0.8.x"
      },
      "engines": {
        "node": ">=12.7.x"
      }
    },
    "node_modules/@noble/curves": {
      "version": "1.2.0",
      "resolved": "https://registry.npmjs.org/@noble/curves/-/curves-1.2.0.tgz",
      "integrity": "sha512-oYclrNgRaM9SsBUBVbb8M6DTV7ZHRTKugureoYEncY5c65HOmRzvSiTE3y5CYaPYJA/GVkrhXEoF0M3Ya9PMnw==",
      "dependencies": {
        "@noble/hashes": "1.3.2"
      },
      "funding": {
        "url": "https://paulmillr.com/funding/"
      }
    },
    "node_modules/@noble/hashes": {
      "version": "1.3.2",
      "resolved": "https://registry.npmjs.org/@noble/hashes/-/hashes-1.3.2.tgz",
      "integrity": "sha512-MVC8EAQp7MvEcm30KWENFjgR+Mkmf+D189XJTkFIlwohU5hcBbn1ZkKq7KVTi2Hme3PMGF390DaL52beVrIihQ==",
      "engines": {
        "node": ">= 16"
      },
      "funding": {
        "url": "https://paulmillr.com/funding/"
      }
    }
  }
}
